
Microsoft Visual Studio Solution File, Format Version 12.00
# Visual Studio Version 16
VisualStudioVersion = 16.0.31911.196
MinimumVisualStudioVersion = 10.0.40219.1
Project("{FAE04EC0-301F-11D3-BF4B-00C04F79EFBC}") = "Lecture -  JSON Processing", "Lecture -  JSON Processing\Lecture -  JSON Processing.csproj", "{265B4BF1-211F-43B5-82FB-6743EBCBFAC7}"
EndProject
Global
	GlobalSection(SolutionConfigurationPlatforms) = preSolution
		Debug|Any CPU = Debug|Any CPU
		Release|Any CPU = Release|Any CPU
	EndGlobalSection
	GlobalSection(ProjectConfigurationPlatforms) = postSolution
		{265B4BF1-211F-43B5-82FB-6743EBCBFAC7}.Debug|Any CPU.ActiveCfg = Debug|Any CPU
		{265B4BF1-211F-43B5-82FB-6743EBCBFAC7}.Debug|Any CPU.Build.0 = Debug|Any CPU
		{265B4BF1-211F-43B5-82FB-6743EBCBFAC7}.Release|Any CPU.ActiveCfg = Release|Any CPU
		{265B4BF1-211F-43B5-82FB-6743EBCBFAC7}.Release|Any CPU.Build.0 = Release|Any CPU
	EndGlobalSection
	GlobalSection(SolutionProperties) = preSolution
		HideSolutionNode = FALSE
	EndGlobalSection
	GlobalSection(ExtensibilityGlobals) = postSolution
		SolutionGuid = {F73335A2-4909-4EB9-90AB-CEC61992D905}
	EndGlobalSection
EndGlobal
