
Microsoft Visual Studio Solution File, Format Version 12.00
# Visual Studio Version 16
VisualStudioVersion = 16.0.31112.23
MinimumVisualStudioVersion = 10.0.40219.1
Project("{9A19103F-16F7-4668-BE54-9A1E7A4F7556}") = "GenericBox", "Generics-Exercise\GenericBox.csproj", "{54D5FF02-706F-4035-8015-8F8591E80320}"
EndProject
Project("{FAE04EC0-301F-11D3-BF4B-00C04F79EFBC}") = "Tuple", "Tupil\Tuple.csproj", "{A8EF66A4-7008-4FD9-A350-107A175835FF}"
EndProject
Global
	GlobalSection(SolutionConfigurationPlatforms) = preSolution
		Debug|Any CPU = Debug|Any CPU
		Release|Any CPU = Release|Any CPU
	EndGlobalSection
	GlobalSection(ProjectConfigurationPlatforms) = postSolution
		{54D5FF02-706F-4035-8015-8F8591E80320}.Debug|Any CPU.ActiveCfg = Debug|Any CPU
		{54D5FF02-706F-4035-8015-8F8591E80320}.Debug|Any CPU.Build.0 = Debug|Any CPU
		{54D5FF02-706F-4035-8015-8F8591E80320}.Release|Any CPU.ActiveCfg = Release|Any CPU
		{54D5FF02-706F-4035-8015-8F8591E80320}.Release|Any CPU.Build.0 = Release|Any CPU
		{A8EF66A4-7008-4FD9-A350-107A175835FF}.Debug|Any CPU.ActiveCfg = Debug|Any CPU
		{A8EF66A4-7008-4FD9-A350-107A175835FF}.Debug|Any CPU.Build.0 = Debug|Any CPU
		{A8EF66A4-7008-4FD9-A350-107A175835FF}.Release|Any CPU.ActiveCfg = Release|Any CPU
		{A8EF66A4-7008-4FD9-A350-107A175835FF}.Release|Any CPU.Build.0 = Release|Any CPU
	EndGlobalSection
	GlobalSection(SolutionProperties) = preSolution
		HideSolutionNode = FALSE
	EndGlobalSection
	GlobalSection(ExtensibilityGlobals) = postSolution
		SolutionGuid = {92FB6C9D-FEAD-467B-BFDB-C181D4F0C146}
	EndGlobalSection
EndGlobal
