
Microsoft Visual Studio Solution File, Format Version 12.00
# Visual Studio Version 16
VisualStudioVersion = 16.0.31112.23
MinimumVisualStudioVersion = 10.0.40219.1
Project("{9A19103F-16F7-4668-BE54-9A1E7A4F7556}") = "Encapsulation - Lab", "Encapsulation - Lab\Encapsulation - Lab.csproj", "{F551338B-1E2F-4F4F-A8B3-4E7F851670F8}"
EndProject
Project("{9A19103F-16F7-4668-BE54-9A1E7A4F7556}") = "Milko If Condition", "Milko If Condition\Milko If Condition.csproj", "{B7FBB5AA-9751-40F3-8613-33747B0B59F3}"
EndProject
Global
	GlobalSection(SolutionConfigurationPlatforms) = preSolution
		Debug|Any CPU = Debug|Any CPU
		Release|Any CPU = Release|Any CPU
	EndGlobalSection
	GlobalSection(ProjectConfigurationPlatforms) = postSolution
		{F551338B-1E2F-4F4F-A8B3-4E7F851670F8}.Debug|Any CPU.ActiveCfg = Debug|Any CPU
		{F551338B-1E2F-4F4F-A8B3-4E7F851670F8}.Debug|Any CPU.Build.0 = Debug|Any CPU
		{F551338B-1E2F-4F4F-A8B3-4E7F851670F8}.Release|Any CPU.ActiveCfg = Release|Any CPU
		{F551338B-1E2F-4F4F-A8B3-4E7F851670F8}.Release|Any CPU.Build.0 = Release|Any CPU
		{B7FBB5AA-9751-40F3-8613-33747B0B59F3}.Debug|Any CPU.ActiveCfg = Debug|Any CPU
		{B7FBB5AA-9751-40F3-8613-33747B0B59F3}.Debug|Any CPU.Build.0 = Debug|Any CPU
		{B7FBB5AA-9751-40F3-8613-33747B0B59F3}.Release|Any CPU.ActiveCfg = Release|Any CPU
		{B7FBB5AA-9751-40F3-8613-33747B0B59F3}.Release|Any CPU.Build.0 = Release|Any CPU
	EndGlobalSection
	GlobalSection(SolutionProperties) = preSolution
		HideSolutionNode = FALSE
	EndGlobalSection
	GlobalSection(ExtensibilityGlobals) = postSolution
		SolutionGuid = {52C24604-B17F-4FAA-871E-96E964545326}
	EndGlobalSection
EndGlobal
