
Microsoft Visual Studio Solution File, Format Version 12.00
# Visual Studio Version 17
VisualStudioVersion = 17.0.31919.166
MinimumVisualStudioVersion = 10.0.40219.1
Project("{FAE04EC0-301F-11D3-BF4B-00C04F79EFBC}") = "BasicWebServer.Demo", "BasicWebServer\BasicWebServer.Demo.csproj", "{CC55CD1B-4F8C-43FA-B598-78BFD2F38AB0}"
EndProject
Project("{FAE04EC0-301F-11D3-BF4B-00C04F79EFBC}") = "BasicWebServer.Server", "BasicWebServer.Server\BasicWebServer.Server.csproj", "{DA8B7FAB-8F67-4445-B638-F03E43F06FBD}"
EndProject
Global
	GlobalSection(SolutionConfigurationPlatforms) = preSolution
		Debug|Any CPU = Debug|Any CPU
		Release|Any CPU = Release|Any CPU
	EndGlobalSection
	GlobalSection(ProjectConfigurationPlatforms) = postSolution
		{CC55CD1B-4F8C-43FA-B598-78BFD2F38AB0}.Debug|Any CPU.ActiveCfg = Debug|Any CPU
		{CC55CD1B-4F8C-43FA-B598-78BFD2F38AB0}.Debug|Any CPU.Build.0 = Debug|Any CPU
		{CC55CD1B-4F8C-43FA-B598-78BFD2F38AB0}.Release|Any CPU.ActiveCfg = Release|Any CPU
		{CC55CD1B-4F8C-43FA-B598-78BFD2F38AB0}.Release|Any CPU.Build.0 = Release|Any CPU
		{DA8B7FAB-8F67-4445-B638-F03E43F06FBD}.Debug|Any CPU.ActiveCfg = Debug|Any CPU
		{DA8B7FAB-8F67-4445-B638-F03E43F06FBD}.Debug|Any CPU.Build.0 = Debug|Any CPU
		{DA8B7FAB-8F67-4445-B638-F03E43F06FBD}.Release|Any CPU.ActiveCfg = Release|Any CPU
		{DA8B7FAB-8F67-4445-B638-F03E43F06FBD}.Release|Any CPU.Build.0 = Release|Any CPU
	EndGlobalSection
	GlobalSection(SolutionProperties) = preSolution
		HideSolutionNode = FALSE
	EndGlobalSection
	GlobalSection(ExtensibilityGlobals) = postSolution
		SolutionGuid = {E1A3E916-2071-42F0-A0BB-0751BD0DFD9B}
	EndGlobalSection
EndGlobal
