
Microsoft Visual Studio Solution File, Format Version 12.00
# Visual Studio Version 16
VisualStudioVersion = 16.0.31112.23
MinimumVisualStudioVersion = 10.0.40219.1
Project("{FAE04EC0-301F-11D3-BF4B-00C04F79EFBC}") = "Text Processing", "Text Processing\Text Processing.csproj", "{504D0CEB-4DD1-42BD-A0BA-6B13B3337FF8}"
EndProject
Project("{FAE04EC0-301F-11D3-BF4B-00C04F79EFBC}") = "Multiply string", "Multiply string\Multiply string.csproj", "{6BD5180F-4487-42EF-B99C-9A33B920B7DB}"
EndProject
Project("{FAE04EC0-301F-11D3-BF4B-00C04F79EFBC}") = "Extract files", "Extract files\Extract files.csproj", "{10285048-F44A-4D52-9FF6-441D8F69B7A3}"
EndProject
Project("{FAE04EC0-301F-11D3-BF4B-00C04F79EFBC}") = "Caesar Cipher", "Caesar Cipher\Caesar Cipher.csproj", "{6B14295B-BBC0-4520-AC35-FC539685E73B}"
EndProject
Project("{FAE04EC0-301F-11D3-BF4B-00C04F79EFBC}") = "Multiply Big Number", "Multiply Big Number\Multiply Big Number.csproj", "{FDA78F9A-CD0A-4949-8AD1-140549EE7554}"
EndProject
Project("{FAE04EC0-301F-11D3-BF4B-00C04F79EFBC}") = "Replace chars", "Replace chars\Replace chars.csproj", "{D541873A-1B28-44BC-8764-5E1469F47960}"
EndProject
Project("{FAE04EC0-301F-11D3-BF4B-00C04F79EFBC}") = "String Explosion", "String Explosion\String Explosion.csproj", "{4B454E0D-E749-443F-A1DF-356BB2914A0C}"
EndProject
Global
	GlobalSection(SolutionConfigurationPlatforms) = preSolution
		Debug|Any CPU = Debug|Any CPU
		Release|Any CPU = Release|Any CPU
	EndGlobalSection
	GlobalSection(ProjectConfigurationPlatforms) = postSolution
		{504D0CEB-4DD1-42BD-A0BA-6B13B3337FF8}.Debug|Any CPU.ActiveCfg = Debug|Any CPU
		{504D0CEB-4DD1-42BD-A0BA-6B13B3337FF8}.Debug|Any CPU.Build.0 = Debug|Any CPU
		{504D0CEB-4DD1-42BD-A0BA-6B13B3337FF8}.Release|Any CPU.ActiveCfg = Release|Any CPU
		{504D0CEB-4DD1-42BD-A0BA-6B13B3337FF8}.Release|Any CPU.Build.0 = Release|Any CPU
		{6BD5180F-4487-42EF-B99C-9A33B920B7DB}.Debug|Any CPU.ActiveCfg = Debug|Any CPU
		{6BD5180F-4487-42EF-B99C-9A33B920B7DB}.Debug|Any CPU.Build.0 = Debug|Any CPU
		{6BD5180F-4487-42EF-B99C-9A33B920B7DB}.Release|Any CPU.ActiveCfg = Release|Any CPU
		{6BD5180F-4487-42EF-B99C-9A33B920B7DB}.Release|Any CPU.Build.0 = Release|Any CPU
		{10285048-F44A-4D52-9FF6-441D8F69B7A3}.Debug|Any CPU.ActiveCfg = Debug|Any CPU
		{10285048-F44A-4D52-9FF6-441D8F69B7A3}.Debug|Any CPU.Build.0 = Debug|Any CPU
		{10285048-F44A-4D52-9FF6-441D8F69B7A3}.Release|Any CPU.ActiveCfg = Release|Any CPU
		{10285048-F44A-4D52-9FF6-441D8F69B7A3}.Release|Any CPU.Build.0 = Release|Any CPU
		{6B14295B-BBC0-4520-AC35-FC539685E73B}.Debug|Any CPU.ActiveCfg = Debug|Any CPU
		{6B14295B-BBC0-4520-AC35-FC539685E73B}.Debug|Any CPU.Build.0 = Debug|Any CPU
		{6B14295B-BBC0-4520-AC35-FC539685E73B}.Release|Any CPU.ActiveCfg = Release|Any CPU
		{6B14295B-BBC0-4520-AC35-FC539685E73B}.Release|Any CPU.Build.0 = Release|Any CPU
		{FDA78F9A-CD0A-4949-8AD1-140549EE7554}.Debug|Any CPU.ActiveCfg = Debug|Any CPU
		{FDA78F9A-CD0A-4949-8AD1-140549EE7554}.Debug|Any CPU.Build.0 = Debug|Any CPU
		{FDA78F9A-CD0A-4949-8AD1-140549EE7554}.Release|Any CPU.ActiveCfg = Release|Any CPU
		{FDA78F9A-CD0A-4949-8AD1-140549EE7554}.Release|Any CPU.Build.0 = Release|Any CPU
		{D541873A-1B28-44BC-8764-5E1469F47960}.Debug|Any CPU.ActiveCfg = Debug|Any CPU
		{D541873A-1B28-44BC-8764-5E1469F47960}.Debug|Any CPU.Build.0 = Debug|Any CPU
		{D541873A-1B28-44BC-8764-5E1469F47960}.Release|Any CPU.ActiveCfg = Release|Any CPU
		{D541873A-1B28-44BC-8764-5E1469F47960}.Release|Any CPU.Build.0 = Release|Any CPU
		{4B454E0D-E749-443F-A1DF-356BB2914A0C}.Debug|Any CPU.ActiveCfg = Debug|Any CPU
		{4B454E0D-E749-443F-A1DF-356BB2914A0C}.Debug|Any CPU.Build.0 = Debug|Any CPU
		{4B454E0D-E749-443F-A1DF-356BB2914A0C}.Release|Any CPU.ActiveCfg = Release|Any CPU
		{4B454E0D-E749-443F-A1DF-356BB2914A0C}.Release|Any CPU.Build.0 = Release|Any CPU
	EndGlobalSection
	GlobalSection(SolutionProperties) = preSolution
		HideSolutionNode = FALSE
	EndGlobalSection
	GlobalSection(ExtensibilityGlobals) = postSolution
		SolutionGuid = {51F823EF-DA18-4ACD-9213-90669EEA61C4}
	EndGlobalSection
EndGlobal
