
Microsoft Visual Studio Solution File, Format Version 12.00
# Visual Studio Version 16
VisualStudioVersion = 16.0.31112.23
MinimumVisualStudioVersion = 10.0.40219.1
Project("{9A19103F-16F7-4668-BE54-9A1E7A4F7556}") = "Sets and Dictionaries Advanced", "Sets and Dictionaries Advanced\Sets and Dictionaries Advanced.csproj", "{56254A2B-70A6-4C34-A588-F211275DB987}"
EndProject
Project("{9A19103F-16F7-4668-BE54-9A1E7A4F7556}") = "Product Shop", "Product Shop\Product Shop.csproj", "{5B3E2145-27C9-4285-B86A-290463D8BF2F}"
EndProject
Project("{9A19103F-16F7-4668-BE54-9A1E7A4F7556}") = "Cities by Continent and Country", "Cities by Continent and Country\Cities by Continent and Country.csproj", "{063D8660-367D-491B-A321-90A0D9DE7FCE}"
EndProject
Project("{9A19103F-16F7-4668-BE54-9A1E7A4F7556}") = "Parking Lot", "Parking Lot\Parking Lot.csproj", "{DD04DFCA-C950-4A91-B1AD-5981EC9F9604}"
EndProject
Project("{FAE04EC0-301F-11D3-BF4B-00C04F79EFBC}") = "Party Softuni", "Party Softuni\Party Softuni.csproj", "{DEB04929-66DE-4102-918F-3EB37AE65DFD}"
EndProject
Global
	GlobalSection(SolutionConfigurationPlatforms) = preSolution
		Debug|Any CPU = Debug|Any CPU
		Release|Any CPU = Release|Any CPU
	EndGlobalSection
	GlobalSection(ProjectConfigurationPlatforms) = postSolution
		{56254A2B-70A6-4C34-A588-F211275DB987}.Debug|Any CPU.ActiveCfg = Debug|Any CPU
		{56254A2B-70A6-4C34-A588-F211275DB987}.Debug|Any CPU.Build.0 = Debug|Any CPU
		{56254A2B-70A6-4C34-A588-F211275DB987}.Release|Any CPU.ActiveCfg = Release|Any CPU
		{56254A2B-70A6-4C34-A588-F211275DB987}.Release|Any CPU.Build.0 = Release|Any CPU
		{5B3E2145-27C9-4285-B86A-290463D8BF2F}.Debug|Any CPU.ActiveCfg = Debug|Any CPU
		{5B3E2145-27C9-4285-B86A-290463D8BF2F}.Debug|Any CPU.Build.0 = Debug|Any CPU
		{5B3E2145-27C9-4285-B86A-290463D8BF2F}.Release|Any CPU.ActiveCfg = Release|Any CPU
		{5B3E2145-27C9-4285-B86A-290463D8BF2F}.Release|Any CPU.Build.0 = Release|Any CPU
		{063D8660-367D-491B-A321-90A0D9DE7FCE}.Debug|Any CPU.ActiveCfg = Debug|Any CPU
		{063D8660-367D-491B-A321-90A0D9DE7FCE}.Debug|Any CPU.Build.0 = Debug|Any CPU
		{063D8660-367D-491B-A321-90A0D9DE7FCE}.Release|Any CPU.ActiveCfg = Release|Any CPU
		{063D8660-367D-491B-A321-90A0D9DE7FCE}.Release|Any CPU.Build.0 = Release|Any CPU
		{DD04DFCA-C950-4A91-B1AD-5981EC9F9604}.Debug|Any CPU.ActiveCfg = Debug|Any CPU
		{DD04DFCA-C950-4A91-B1AD-5981EC9F9604}.Debug|Any CPU.Build.0 = Debug|Any CPU
		{DD04DFCA-C950-4A91-B1AD-5981EC9F9604}.Release|Any CPU.ActiveCfg = Release|Any CPU
		{DD04DFCA-C950-4A91-B1AD-5981EC9F9604}.Release|Any CPU.Build.0 = Release|Any CPU
		{DEB04929-66DE-4102-918F-3EB37AE65DFD}.Debug|Any CPU.ActiveCfg = Debug|Any CPU
		{DEB04929-66DE-4102-918F-3EB37AE65DFD}.Debug|Any CPU.Build.0 = Debug|Any CPU
		{DEB04929-66DE-4102-918F-3EB37AE65DFD}.Release|Any CPU.ActiveCfg = Release|Any CPU
		{DEB04929-66DE-4102-918F-3EB37AE65DFD}.Release|Any CPU.Build.0 = Release|Any CPU
	EndGlobalSection
	GlobalSection(SolutionProperties) = preSolution
		HideSolutionNode = FALSE
	EndGlobalSection
	GlobalSection(ExtensibilityGlobals) = postSolution
		SolutionGuid = {EC16618D-FC86-4644-9F43-A9E8B69D25C6}
	EndGlobalSection
EndGlobal
